
Microsoft Visual Studio Solution File, Format Version 12.00
# Visual Studio Version 17
VisualStudioVersion = 17.8.34330.188
MinimumVisualStudioVersion = 10.0.40219.1
Project("{9A19103F-16F7-4668-BE54-9A1E7A4F7556}") = "SchoolSystem.DAL", "SchoolSystem.DAL\SchoolSystem.DAL.csproj", "{CD707674-794E-4722-8816-0DED134B5891}"
EndProject
Project("{FAE04EC0-301F-11D3-BF4B-00C04F79EFBC}") = "SchoolSystem.DAL.Tests", "SchoolSystem.DAL.Tests\SchoolSystem.DAL.Tests.csproj", "{211239A4-4DCB-4530-857A-17E36025A57C}"
EndProject
Project("{FAE04EC0-301F-11D3-BF4B-00C04F79EFBC}") = "SchoolSystem.Common.Tests", "SchoolSystem.Common.Tests\SchoolSystem.Common.Tests.csproj", "{9B1CC4F2-B0B8-4751-B76B-A3F10DDF945C}"
EndProject
Global
	GlobalSection(SolutionConfigurationPlatforms) = preSolution
		Debug|Any CPU = Debug|Any CPU
		Release|Any CPU = Release|Any CPU
	EndGlobalSection
	GlobalSection(ProjectConfigurationPlatforms) = postSolution
		{CD707674-794E-4722-8816-0DED134B5891}.Debug|Any CPU.ActiveCfg = Debug|Any CPU
		{CD707674-794E-4722-8816-0DED134B5891}.Debug|Any CPU.Build.0 = Debug|Any CPU
		{CD707674-794E-4722-8816-0DED134B5891}.Release|Any CPU.ActiveCfg = Release|Any CPU
		{CD707674-794E-4722-8816-0DED134B5891}.Release|Any CPU.Build.0 = Release|Any CPU
		{211239A4-4DCB-4530-857A-17E36025A57C}.Debug|Any CPU.ActiveCfg = Debug|Any CPU
		{211239A4-4DCB-4530-857A-17E36025A57C}.Debug|Any CPU.Build.0 = Debug|Any CPU
		{211239A4-4DCB-4530-857A-17E36025A57C}.Release|Any CPU.ActiveCfg = Release|Any CPU
		{211239A4-4DCB-4530-857A-17E36025A57C}.Release|Any CPU.Build.0 = Release|Any CPU
		{9B1CC4F2-B0B8-4751-B76B-A3F10DDF945C}.Debug|Any CPU.ActiveCfg = Debug|Any CPU
		{9B1CC4F2-B0B8-4751-B76B-A3F10DDF945C}.Debug|Any CPU.Build.0 = Debug|Any CPU
		{9B1CC4F2-B0B8-4751-B76B-A3F10DDF945C}.Release|Any CPU.ActiveCfg = Release|Any CPU
		{9B1CC4F2-B0B8-4751-B76B-A3F10DDF945C}.Release|Any CPU.Build.0 = Release|Any CPU
	EndGlobalSection
	GlobalSection(SolutionProperties) = preSolution
		HideSolutionNode = FALSE
	EndGlobalSection
	GlobalSection(ExtensibilityGlobals) = postSolution
		SolutionGuid = {F64ADAD9-FEDC-4AE7-BC86-756B63A311AD}
	EndGlobalSection
EndGlobal
